
Microsoft Visual Studio Solution File, Format Version 12.00
# Visual Studio Version 16
VisualStudioVersion = 16.0.30517.126
MinimumVisualStudioVersion = 10.0.40219.1
Project("{FAE04EC0-301F-11D3-BF4B-00C04F79EFBC}") = "prjRoulette", "prjRoulette\prjRoulette.csproj", "{2040B9BE-BC19-41E7-9D5F-48881DD82559}"
EndProject
Global
	GlobalSection(SolutionConfigurationPlatforms) = preSolution
		Debug|Any CPU = Debug|Any CPU
		Release|Any CPU = Release|Any CPU
	EndGlobalSection
	GlobalSection(ProjectConfigurationPlatforms) = postSolution
		{2040B9BE-BC19-41E7-9D5F-48881DD82559}.Debug|Any CPU.ActiveCfg = Debug|Any CPU
		{2040B9BE-BC19-41E7-9D5F-48881DD82559}.Debug|Any CPU.Build.0 = Debug|Any CPU
		{2040B9BE-BC19-41E7-9D5F-48881DD82559}.Release|Any CPU.ActiveCfg = Release|Any CPU
		{2040B9BE-BC19-41E7-9D5F-48881DD82559}.Release|Any CPU.Build.0 = Release|Any CPU
	EndGlobalSection
	GlobalSection(SolutionProperties) = preSolution
		HideSolutionNode = FALSE
	EndGlobalSection
	GlobalSection(ExtensibilityGlobals) = postSolution
		SolutionGuid = {AD19965B-1726-4B87-BC76-427C734323B4}
	EndGlobalSection
EndGlobal
